// !$*UTF8*$!
{
	archiveVersion = 1;
	classes = {
	};
	objectVersion = 50;
	objects = {

/* Begin PBXBuildFile section */
		0BDAF1849423E914574737EE /* Pods_Widget.framework in Frameworks */ = {isa = PBXBuildFile; fileRef = D91F7613732CA839B80E46ED /* Pods_Widget.framework */; };
		1288DFA9217F6473000843D3 /* AppDelegate.swift in Sources */ = {isa = PBXBuildFile; fileRef = 1288DFA8217F6473000843D3 /* AppDelegate.swift */; };
		1288DFAB217F6473000843D3 /* ViewController.swift in Sources */ = {isa = PBXBuildFile; fileRef = 1288DFAA217F6473000843D3 /* ViewController.swift */; };
		1288DFAE217F6473000843D3 /* Main.storyboard in Resources */ = {isa = PBXBuildFile; fileRef = 1288DFAC217F6473000843D3 /* Main.storyboard */; };
		1288DFB0217F6475000843D3 /* Assets.xcassets in Resources */ = {isa = PBXBuildFile; fileRef = 1288DFAF217F6475000843D3 /* Assets.xcassets */; };
		1288DFB3217F6475000843D3 /* LaunchScreen.storyboard in Resources */ = {isa = PBXBuildFile; fileRef = 1288DFB1217F6475000843D3 /* LaunchScreen.storyboard */; };
		1288DFBE217F6475000843D3 /* TestProjectTests.swift in Sources */ = {isa = PBXBuildFile; fileRef = 1288DFBD217F6475000843D3 /* TestProjectTests.swift */; };
		1288DFC9217F6475000843D3 /* TestProjectUITests.swift in Sources */ = {isa = PBXBuildFile; fileRef = 1288DFC8217F6475000843D3 /* TestProjectUITests.swift */; };
		1288E000217F7DB8000843D3 /* NotificationCenter.framework in Frameworks */ = {isa = PBXBuildFile; fileRef = 1288DFFF217F7DB8000843D3 /* NotificationCenter.framework */; };
		1288E003217F7DB8000843D3 /* TodayViewController.swift in Sources */ = {isa = PBXBuildFile; fileRef = 1288E002217F7DB8000843D3 /* TodayViewController.swift */; };
		1288E006217F7DB8000843D3 /* MainInterface.storyboard in Resources */ = {isa = PBXBuildFile; fileRef = 1288E004217F7DB8000843D3 /* MainInterface.storyboard */; };
		1288E00A217F7DB8000843D3 /* Widget.appex in Embed App Extensions */ = {isa = PBXBuildFile; fileRef = 1288DFFE217F7DB8000843D3 /* Widget.appex */; settings = {ATTRIBUTES = (RemoveHeadersOnCopy, ); }; };
		538C2BDAA48A17CD1AC67C17 /* Pods_TestProjectUITests.framework in Frameworks */ = {isa = PBXBuildFile; fileRef = D06663E959A98DD4F77003CE /* Pods_TestProjectUITests.framework */; };
		58A50DCC2529233FD1FA8261 /* Pods_TestProjectTests.framework in Frameworks */ = {isa = PBXBuildFile; fileRef = 8554B3644191B6BE8619C82D /* Pods_TestProjectTests.framework */; };
		A0A60FB13906C5486530AA7B /* Pods_TestProject.framework in Frameworks */ = {isa = PBXBuildFile; fileRef = 3B3A5AAA43C6A85CFE0E3DE8 /* Pods_TestProject.framework */; };
/* End PBXBuildFile section */

/* Begin PBXContainerItemProxy section */
		1288DFBA217F6475000843D3 /* PBXContainerItemProxy */ = {
			isa = PBXContainerItemProxy;
			containerPortal = 1288DF9D217F6472000843D3 /* Project object */;
			proxyType = 1;
			remoteGlobalIDString = 1288DFA4217F6473000843D3;
			remoteInfo = TestProject;
		};
		1288DFC5217F6475000843D3 /* PBXContainerItemProxy */ = {
			isa = PBXContainerItemProxy;
			containerPortal = 1288DF9D217F6472000843D3 /* Project object */;
			proxyType = 1;
			remoteGlobalIDString = 1288DFA4217F6473000843D3;
			remoteInfo = TestProject;
		};
		1288E008217F7DB8000843D3 /* PBXContainerItemProxy */ = {
			isa = PBXContainerItemProxy;
			containerPortal = 1288DF9D217F6472000843D3 /* Project object */;
			proxyType = 1;
			remoteGlobalIDString = 1288DFFD217F7DB8000843D3;
			remoteInfo = Widget;
		};
/* End PBXContainerItemProxy section */

/* Begin PBXCopyFilesBuildPhase section */
		1288DFF9217F652B000843D3 /* Embed App Extensions */ = {
			isa = PBXCopyFilesBuildPhase;
			buildActionMask = 2147483647;
			dstPath = "";
			dstSubfolderSpec = 13;
			files = (
				1288E00A217F7DB8000843D3 /* Widget.appex in Embed App Extensions */,
			);
			name = "Embed App Extensions";
			runOnlyForDeploymentPostprocessing = 0;
		};
/* End PBXCopyFilesBuildPhase section */

/* Begin PBXFileReference section */
		1288DFA5217F6473000843D3 /* TestProject.app */ = {isa = PBXFileReference; explicitFileType = wrapper.application; includeInIndex = 0; path = TestProject.app; sourceTree = BUILT_PRODUCTS_DIR; };
		1288DFA8217F6473000843D3 /* AppDelegate.swift */ = {isa = PBXFileReference; lastKnownFileType = sourcecode.swift; path = AppDelegate.swift; sourceTree = "<group>"; };
		1288DFAA217F6473000843D3 /* ViewController.swift */ = {isa = PBXFileReference; lastKnownFileType = sourcecode.swift; path = ViewController.swift; sourceTree = "<group>"; };
		1288DFAD217F6473000843D3 /* Base */ = {isa = PBXFileReference; lastKnownFileType = file.storyboard; name = Base; path = Base.lproj/Main.storyboard; sourceTree = "<group>"; };
		1288DFAF217F6475000843D3 /* Assets.xcassets */ = {isa = PBXFileReference; lastKnownFileType = folder.assetcatalog; path = Assets.xcassets; sourceTree = "<group>"; };
		1288DFB2217F6475000843D3 /* Base */ = {isa = PBXFileReference; lastKnownFileType = file.storyboard; name = Base; path = Base.lproj/LaunchScreen.storyboard; sourceTree = "<group>"; };
		1288DFB4217F6475000843D3 /* Info.plist */ = {isa = PBXFileReference; lastKnownFileType = text.plist.xml; path = Info.plist; sourceTree = "<group>"; };
		1288DFB9217F6475000843D3 /* TestProjectTests.xctest */ = {isa = PBXFileReference; explicitFileType = wrapper.cfbundle; includeInIndex = 0; path = TestProjectTests.xctest; sourceTree = BUILT_PRODUCTS_DIR; };
		1288DFBD217F6475000843D3 /* TestProjectTests.swift */ = {isa = PBXFileReference; lastKnownFileType = sourcecode.swift; path = TestProjectTests.swift; sourceTree = "<group>"; };
		1288DFBF217F6475000843D3 /* Info.plist */ = {isa = PBXFileReference; lastKnownFileType = text.plist.xml; path = Info.plist; sourceTree = "<group>"; };
		1288DFC4217F6475000843D3 /* TestProjectUITests.xctest */ = {isa = PBXFileReference; explicitFileType = wrapper.cfbundle; includeInIndex = 0; path = TestProjectUITests.xctest; sourceTree = BUILT_PRODUCTS_DIR; };
		1288DFC8217F6475000843D3 /* TestProjectUITests.swift */ = {isa = PBXFileReference; lastKnownFileType = sourcecode.swift; path = TestProjectUITests.swift; sourceTree = "<group>"; };
		1288DFCA217F6475000843D3 /* Info.plist */ = {isa = PBXFileReference; lastKnownFileType = text.plist.xml; path = Info.plist; sourceTree = "<group>"; };
		1288DFE4217F652B000843D3 /* IntentsUI.framework */ = {isa = PBXFileReference; lastKnownFileType = wrapper.framework; name = IntentsUI.framework; path = System/Library/Frameworks/IntentsUI.framework; sourceTree = SDKROOT; };
		1288DFFE217F7DB8000843D3 /* Widget.appex */ = {isa = PBXFileReference; explicitFileType = "wrapper.app-extension"; includeInIndex = 0; path = Widget.appex; sourceTree = BUILT_PRODUCTS_DIR; };
		1288DFFF217F7DB8000843D3 /* NotificationCenter.framework */ = {isa = PBXFileReference; lastKnownFileType = wrapper.framework; name = NotificationCenter.framework; path = System/Library/Frameworks/NotificationCenter.framework; sourceTree = SDKROOT; };
		1288E002217F7DB8000843D3 /* TodayViewController.swift */ = {isa = PBXFileReference; lastKnownFileType = sourcecode.swift; path = TodayViewController.swift; sourceTree = "<group>"; };
		1288E005217F7DB8000843D3 /* Base */ = {isa = PBXFileReference; lastKnownFileType = file.storyboard; name = Base; path = Base.lproj/MainInterface.storyboard; sourceTree = "<group>"; };
		1288E007217F7DB8000843D3 /* Info.plist */ = {isa = PBXFileReference; lastKnownFileType = text.plist.xml; path = Info.plist; sourceTree = "<group>"; };
		2B7B7FAB2944B63205B0BD09 /* Pods-TestProjectUITests.debug.xcconfig */ = {isa = PBXFileReference; includeInIndex = 1; lastKnownFileType = text.xcconfig; name = "Pods-TestProjectUITests.debug.xcconfig"; path = "Target Support Files/Pods-TestProjectUITests/Pods-TestProjectUITests.debug.xcconfig"; sourceTree = "<group>"; };
		2E7B3F377B7ADE8706BBFEF8 /* Pods-Widget.release.xcconfig */ = {isa = PBXFileReference; includeInIndex = 1; lastKnownFileType = text.xcconfig; name = "Pods-Widget.release.xcconfig"; path = "Target Support Files/Pods-Widget/Pods-Widget.release.xcconfig"; sourceTree = "<group>"; };
		38A4726079AD2CEAC2BEDB70 /* Pods-TestProject.release.xcconfig */ = {isa = PBXFileReference; includeInIndex = 1; lastKnownFileType = text.xcconfig; name = "Pods-TestProject.release.xcconfig"; path = "Target Support Files/Pods-TestProject/Pods-TestProject.release.xcconfig"; sourceTree = "<group>"; };
		3B3A5AAA43C6A85CFE0E3DE8 /* Pods_TestProject.framework */ = {isa = PBXFileReference; explicitFileType = wrapper.framework; includeInIndex = 0; path = Pods_TestProject.framework; sourceTree = BUILT_PRODUCTS_DIR; };
		6FDAEC7A1A343CA83A3A8714 /* Pods-Widget.debug.xcconfig */ = {isa = PBXFileReference; includeInIndex = 1; lastKnownFileType = text.xcconfig; name = "Pods-Widget.debug.xcconfig"; path = "Target Support Files/Pods-Widget/Pods-Widget.debug.xcconfig"; sourceTree = "<group>"; };
		7DEA12CEAD771358C92D6F20 /* Pods-TestProjectTests.debug.xcconfig */ = {isa = PBXFileReference; includeInIndex = 1; lastKnownFileType = text.xcconfig; name = "Pods-TestProjectTests.debug.xcconfig"; path = "Target Support Files/Pods-TestProjectTests/Pods-TestProjectTests.debug.xcconfig"; sourceTree = "<group>"; };
		806ECDE6B806A7F012A185B3 /* Pods-TestProjectTests.release.xcconfig */ = {isa = PBXFileReference; includeInIndex = 1; lastKnownFileType = text.xcconfig; name = "Pods-TestProjectTests.release.xcconfig"; path = "Target Support Files/Pods-TestProjectTests/Pods-TestProjectTests.release.xcconfig"; sourceTree = "<group>"; };
		8554B3644191B6BE8619C82D /* Pods_TestProjectTests.framework */ = {isa = PBXFileReference; explicitFileType = wrapper.framework; includeInIndex = 0; path = Pods_TestProjectTests.framework; sourceTree = BUILT_PRODUCTS_DIR; };
		90576435DF7BB746222DDB76 /* Pods-TestProject.debug.xcconfig */ = {isa = PBXFileReference; includeInIndex = 1; lastKnownFileType = text.xcconfig; name = "Pods-TestProject.debug.xcconfig"; path = "Target Support Files/Pods-TestProject/Pods-TestProject.debug.xcconfig"; sourceTree = "<group>"; };
		AA45815E4EA6CF7093C57C15 /* Pods-TestProjectUITests.release.xcconfig */ = {isa = PBXFileReference; includeInIndex = 1; lastKnownFileType = text.xcconfig; name = "Pods-TestProjectUITests.release.xcconfig"; path = "Target Support Files/Pods-TestProjectUITests/Pods-TestProjectUITests.release.xcconfig"; sourceTree = "<group>"; };
		D06663E959A98DD4F77003CE /* Pods_TestProjectUITests.framework */ = {isa = PBXFileReference; explicitFileType = wrapper.framework; includeInIndex = 0; path = Pods_TestProjectUITests.framework; sourceTree = BUILT_PRODUCTS_DIR; };
		D91F7613732CA839B80E46ED /* Pods_Widget.framework */ = {isa = PBXFileReference; explicitFileType = wrapper.framework; includeInIndex = 0; path = Pods_Widget.framework; sourceTree = BUILT_PRODUCTS_DIR; };
/* End PBXFileReference section */

/* Begin PBXFrameworksBuildPhase section */
		1288DFA2217F6473000843D3 /* Frameworks */ = {
			isa = PBXFrameworksBuildPhase;
			buildActionMask = 2147483647;
			files = (
				A0A60FB13906C5486530AA7B /* Pods_TestProject.framework in Frameworks */,
			);
			runOnlyForDeploymentPostprocessing = 0;
		};
		1288DFB6217F6475000843D3 /* Frameworks */ = {
			isa = PBXFrameworksBuildPhase;
			buildActionMask = 2147483647;
			files = (
				58A50DCC2529233FD1FA8261 /* Pods_TestProjectTests.framework in Frameworks */,
			);
			runOnlyForDeploymentPostprocessing = 0;
		};
		1288DFC1217F6475000843D3 /* Frameworks */ = {
			isa = PBXFrameworksBuildPhase;
			buildActionMask = 2147483647;
			files = (
				538C2BDAA48A17CD1AC67C17 /* Pods_TestProjectUITests.framework in Frameworks */,
			);
			runOnlyForDeploymentPostprocessing = 0;
		};
		1288DFFB217F7DB8000843D3 /* Frameworks */ = {
			isa = PBXFrameworksBuildPhase;
			buildActionMask = 2147483647;
			files = (
				1288E000217F7DB8000843D3 /* NotificationCenter.framework in Frameworks */,
				0BDAF1849423E914574737EE /* Pods_Widget.framework in Frameworks */,
			);
			runOnlyForDeploymentPostprocessing = 0;
		};
/* End PBXFrameworksBuildPhase section */

/* Begin PBXGroup section */
		1288DF9C217F6472000843D3 = {
			isa = PBXGroup;
			children = (
				1288DFA7217F6473000843D3 /* TestProject */,
				1288DFBC217F6475000843D3 /* TestProjectTests */,
				1288DFC7217F6475000843D3 /* TestProjectUITests */,
				1288E001217F7DB8000843D3 /* Widget */,
				1288DFA6217F6473000843D3 /* Products */,
				8D7A07F74FB7C8D778BAF3D2 /* Pods */,
				B12DA85414BF98BEBE6FC646 /* Frameworks */,
			);
			sourceTree = "<group>";
		};
		1288DFA6217F6473000843D3 /* Products */ = {
			isa = PBXGroup;
			children = (
				1288DFA5217F6473000843D3 /* TestProject.app */,
				1288DFB9217F6475000843D3 /* TestProjectTests.xctest */,
				1288DFC4217F6475000843D3 /* TestProjectUITests.xctest */,
				1288DFFE217F7DB8000843D3 /* Widget.appex */,
			);
			name = Products;
			sourceTree = "<group>";
		};
		1288DFA7217F6473000843D3 /* TestProject */ = {
			isa = PBXGroup;
			children = (
				1288DFA8217F6473000843D3 /* AppDelegate.swift */,
				1288DFAA217F6473000843D3 /* ViewController.swift */,
				1288DFAC217F6473000843D3 /* Main.storyboard */,
				1288DFAF217F6475000843D3 /* Assets.xcassets */,
				1288DFB1217F6475000843D3 /* LaunchScreen.storyboard */,
				1288DFB4217F6475000843D3 /* Info.plist */,
			);
			path = TestProject;
			sourceTree = "<group>";
		};
		1288DFBC217F6475000843D3 /* TestProjectTests */ = {
			isa = PBXGroup;
			children = (
				1288DFBD217F6475000843D3 /* TestProjectTests.swift */,
				1288DFBF217F6475000843D3 /* Info.plist */,
			);
			path = TestProjectTests;
			sourceTree = "<group>";
		};
		1288DFC7217F6475000843D3 /* TestProjectUITests */ = {
			isa = PBXGroup;
			children = (
				1288DFC8217F6475000843D3 /* TestProjectUITests.swift */,
				1288DFCA217F6475000843D3 /* Info.plist */,
			);
			path = TestProjectUITests;
			sourceTree = "<group>";
		};
		1288E001217F7DB8000843D3 /* Widget */ = {
			isa = PBXGroup;
			children = (
				1288E002217F7DB8000843D3 /* TodayViewController.swift */,
				1288E004217F7DB8000843D3 /* MainInterface.storyboard */,
				1288E007217F7DB8000843D3 /* Info.plist */,
			);
			path = Widget;
			sourceTree = "<group>";
		};
		8D7A07F74FB7C8D778BAF3D2 /* Pods */ = {
			isa = PBXGroup;
			children = (
				90576435DF7BB746222DDB76 /* Pods-TestProject.debug.xcconfig */,
				38A4726079AD2CEAC2BEDB70 /* Pods-TestProject.release.xcconfig */,
				7DEA12CEAD771358C92D6F20 /* Pods-TestProjectTests.debug.xcconfig */,
				806ECDE6B806A7F012A185B3 /* Pods-TestProjectTests.release.xcconfig */,
				2B7B7FAB2944B63205B0BD09 /* Pods-TestProjectUITests.debug.xcconfig */,
				AA45815E4EA6CF7093C57C15 /* Pods-TestProjectUITests.release.xcconfig */,
				6FDAEC7A1A343CA83A3A8714 /* Pods-Widget.debug.xcconfig */,
				2E7B3F377B7ADE8706BBFEF8 /* Pods-Widget.release.xcconfig */,
			);
			path = Pods;
			sourceTree = "<group>";
		};
		B12DA85414BF98BEBE6FC646 /* Frameworks */ = {
			isa = PBXGroup;
			children = (
				1288DFE4217F652B000843D3 /* IntentsUI.framework */,
				1288DFFF217F7DB8000843D3 /* NotificationCenter.framework */,
				3B3A5AAA43C6A85CFE0E3DE8 /* Pods_TestProject.framework */,
				8554B3644191B6BE8619C82D /* Pods_TestProjectTests.framework */,
				D06663E959A98DD4F77003CE /* Pods_TestProjectUITests.framework */,
				D91F7613732CA839B80E46ED /* Pods_Widget.framework */,
			);
			name = Frameworks;
			sourceTree = "<group>";
		};
/* End PBXGroup section */

/* Begin PBXNativeTarget section */
		1288DFA4217F6473000843D3 /* TestProject */ = {
			isa = PBXNativeTarget;
			buildConfigurationList = 1288DFCD217F6475000843D3 /* Build configuration list for PBXNativeTarget "TestProject" */;
			buildPhases = (
				9D722605D8ADA65D946342DF /* [CP] Check Pods Manifest.lock */,
				1288DFA1217F6473000843D3 /* Sources */,
				1288DFA2217F6473000843D3 /* Frameworks */,
				1288DFA3217F6473000843D3 /* Resources */,
				1288DFF9217F652B000843D3 /* Embed App Extensions */,
				0FDFF1436A4424A298E76C54 /* [CP] Embed Pods Frameworks */,
			);
			buildRules = (
			);
			dependencies = (
				1288E009217F7DB8000843D3 /* PBXTargetDependency */,
			);
			name = TestProject;
			productName = TestProject;
			productReference = 1288DFA5217F6473000843D3 /* TestProject.app */;
			productType = "com.apple.product-type.application";
		};
		1288DFB8217F6475000843D3 /* TestProjectTests */ = {
			isa = PBXNativeTarget;
			buildConfigurationList = 1288DFD0217F6475000843D3 /* Build configuration list for PBXNativeTarget "TestProjectTests" */;
			buildPhases = (
				8BE95C9583ADAC6F864DBB9D /* [CP] Check Pods Manifest.lock */,
				1288DFB5217F6475000843D3 /* Sources */,
				1288DFB6217F6475000843D3 /* Frameworks */,
				1288DFB7217F6475000843D3 /* Resources */,
			);
			buildRules = (
			);
			dependencies = (
				1288DFBB217F6475000843D3 /* PBXTargetDependency */,
			);
			name = TestProjectTests;
			productName = TestProjectTests;
			productReference = 1288DFB9217F6475000843D3 /* TestProjectTests.xctest */;
			productType = "com.apple.product-type.bundle.unit-test";
		};
		1288DFC3217F6475000843D3 /* TestProjectUITests */ = {
			isa = PBXNativeTarget;
			buildConfigurationList = 1288DFD3217F6475000843D3 /* Build configuration list for PBXNativeTarget "TestProjectUITests" */;
			buildPhases = (
				66CC237162DB979B655EE4CC /* [CP] Check Pods Manifest.lock */,
				1288DFC0217F6475000843D3 /* Sources */,
				1288DFC1217F6475000843D3 /* Frameworks */,
				1288DFC2217F6475000843D3 /* Resources */,
			);
			buildRules = (
			);
			dependencies = (
				1288DFC6217F6475000843D3 /* PBXTargetDependency */,
			);
			name = TestProjectUITests;
			productName = TestProjectUITests;
			productReference = 1288DFC4217F6475000843D3 /* TestProjectUITests.xctest */;
			productType = "com.apple.product-type.bundle.ui-testing";
		};
		1288DFFD217F7DB8000843D3 /* Widget */ = {
			isa = PBXNativeTarget;
			buildConfigurationList = 1288E00B217F7DB8000843D3 /* Build configuration list for PBXNativeTarget "Widget" */;
			buildPhases = (
				BB7572BD373F4DAE50E74288 /* [CP] Check Pods Manifest.lock */,
				1288DFFA217F7DB8000843D3 /* Sources */,
				1288DFFB217F7DB8000843D3 /* Frameworks */,
				1288DFFC217F7DB8000843D3 /* Resources */,
			);
			buildRules = (
			);
			dependencies = (
			);
			name = Widget;
			productName = Widget;
			productReference = 1288DFFE217F7DB8000843D3 /* Widget.appex */;
			productType = "com.apple.product-type.app-extension";
		};
/* End PBXNativeTarget section */

/* Begin PBXProject section */
		1288DF9D217F6472000843D3 /* Project object */ = {
			isa = PBXProject;
			attributes = {
				LastSwiftUpdateCheck = 1000;
				LastUpgradeCheck = 1000;
				ORGANIZATIONNAME = "Tom Spee";
				TargetAttributes = {
					1288DFA4217F6473000843D3 = {
						CreatedOnToolsVersion = 10.0;
					};
					1288DFB8217F6475000843D3 = {
						CreatedOnToolsVersion = 10.0;
						TestTargetID = 1288DFA4217F6473000843D3;
					};
					1288DFC3217F6475000843D3 = {
						CreatedOnToolsVersion = 10.0;
						TestTargetID = 1288DFA4217F6473000843D3;
					};
					1288DFFD217F7DB8000843D3 = {
						CreatedOnToolsVersion = 10.0;
					};
				};
			};
			buildConfigurationList = 1288DFA0217F6473000843D3 /* Build configuration list for PBXProject "TestProject" */;
			compatibilityVersion = "Xcode 9.3";
			developmentRegion = en;
			hasScannedForEncodings = 0;
			knownRegions = (
				en,
				Base,
			);
			mainGroup = 1288DF9C217F6472000843D3;
			productRefGroup = 1288DFA6217F6473000843D3 /* Products */;
			projectDirPath = "";
			projectRoot = "";
			targets = (
				1288DFA4217F6473000843D3 /* TestProject */,
				1288DFB8217F6475000843D3 /* TestProjectTests */,
				1288DFC3217F6475000843D3 /* TestProjectUITests */,
				1288DFFD217F7DB8000843D3 /* Widget */,
			);
		};
/* End PBXProject section */

/* Begin PBXResourcesBuildPhase section */
		1288DFA3217F6473000843D3 /* Resources */ = {
			isa = PBXResourcesBuildPhase;
			buildActionMask = 2147483647;
			files = (
				1288DFB3217F6475000843D3 /* LaunchScreen.storyboard in Resources */,
				1288DFB0217F6475000843D3 /* Assets.xcassets in Resources */,
				1288DFAE217F6473000843D3 /* Main.storyboard in Resources */,
			);
			runOnlyForDeploymentPostprocessing = 0;
		};
		1288DFB7217F6475000843D3 /* Resources */ = {
			isa = PBXResourcesBuildPhase;
			buildActionMask = 2147483647;
			files = (
			);
			runOnlyForDeploymentPostprocessing = 0;
		};
		1288DFC2217F6475000843D3 /* Resources */ = {
			isa = PBXResourcesBuildPhase;
			buildActionMask = 2147483647;
			files = (
			);
			runOnlyForDeploymentPostprocessing = 0;
		};
		1288DFFC217F7DB8000843D3 /* Resources */ = {
			isa = PBXResourcesBuildPhase;
			buildActionMask = 2147483647;
			files = (
				1288E006217F7DB8000843D3 /* MainInterface.storyboard in Resources */,
			);
			runOnlyForDeploymentPostprocessing = 0;
		};
/* End PBXResourcesBuildPhase section */

/* Begin PBXShellScriptBuildPhase section */
		0FDFF1436A4424A298E76C54 /* [CP] Embed Pods Frameworks */ = {
			isa = PBXShellScriptBuildPhase;
			buildActionMask = 2147483647;
			files = (
			);
			inputFileListPaths = (
			);
			inputPaths = (
				"${PODS_ROOT}/Target Support Files/Pods-TestProject/Pods-TestProject-frameworks.sh",
				"${BUILT_PRODUCTS_DIR}/Alamofire-iOS10.0/Alamofire.framework",
			);
			name = "[CP] Embed Pods Frameworks";
			outputFileListPaths = (
			);
			outputPaths = (
				"${TARGET_BUILD_DIR}/${FRAMEWORKS_FOLDER_PATH}/Alamofire.framework",
			);
			runOnlyForDeploymentPostprocessing = 0;
			shellPath = /bin/sh;
			shellScript = "\"${PODS_ROOT}/Target Support Files/Pods-TestProject/Pods-TestProject-frameworks.sh\"\n";
			showEnvVarsInLog = 0;
		};
		66CC237162DB979B655EE4CC /* [CP] Check Pods Manifest.lock */ = {
			isa = PBXShellScriptBuildPhase;
			buildActionMask = 2147483647;
			files = (
			);
			inputFileListPaths = (
			);
			inputPaths = (
				"${PODS_PODFILE_DIR_PATH}/Podfile.lock",
				"${PODS_ROOT}/Manifest.lock",
			);
			name = "[CP] Check Pods Manifest.lock";
			outputFileListPaths = (
			);
			outputPaths = (
				"$(DERIVED_FILE_DIR)/Pods-TestProjectUITests-checkManifestLockResult.txt",
			);
			runOnlyForDeploymentPostprocessing = 0;
			shellPath = /bin/sh;
			shellScript = "diff \"${PODS_PODFILE_DIR_PATH}/Podfile.lock\" \"${PODS_ROOT}/Manifest.lock\" > /dev/null\nif [ $? != 0 ] ; then\n    # print error to STDERR\n    echo \"error: The sandbox is not in sync with the Podfile.lock. Run 'pod install' or update your CocoaPods installation.\" >&2\n    exit 1\nfi\n# This output is used by Xcode 'outputs' to avoid re-running this script phase.\necho \"SUCCESS\" > \"${SCRIPT_OUTPUT_FILE_0}\"\n";
			showEnvVarsInLog = 0;
		};
		8BE95C9583ADAC6F864DBB9D /* [CP] Check Pods Manifest.lock */ = {
			isa = PBXShellScriptBuildPhase;
			buildActionMask = 2147483647;
			files = (
			);
			inputFileListPaths = (
			);
			inputPaths = (
				"${PODS_PODFILE_DIR_PATH}/Podfile.lock",
				"${PODS_ROOT}/Manifest.lock",
			);
			name = "[CP] Check Pods Manifest.lock";
			outputFileListPaths = (
			);
			outputPaths = (
				"$(DERIVED_FILE_DIR)/Pods-TestProjectTests-checkManifestLockResult.txt",
			);
			runOnlyForDeploymentPostprocessing = 0;
			shellPath = /bin/sh;
			shellScript = "diff \"${PODS_PODFILE_DIR_PATH}/Podfile.lock\" \"${PODS_ROOT}/Manifest.lock\" > /dev/null\nif [ $? != 0 ] ; then\n    # print error to STDERR\n    echo \"error: The sandbox is not in sync with the Podfile.lock. Run 'pod install' or update your CocoaPods installation.\" >&2\n    exit 1\nfi\n# This output is used by Xcode 'outputs' to avoid re-running this script phase.\necho \"SUCCESS\" > \"${SCRIPT_OUTPUT_FILE_0}\"\n";
			showEnvVarsInLog = 0;
		};
		9D722605D8ADA65D946342DF /* [CP] Check Pods Manifest.lock */ = {
			isa = PBXShellScriptBuildPhase;
			buildActionMask = 2147483647;
			files = (
			);
			inputFileListPaths = (
			);
			inputPaths = (
				"${PODS_PODFILE_DIR_PATH}/Podfile.lock",
				"${PODS_ROOT}/Manifest.lock",
			);
			name = "[CP] Check Pods Manifest.lock";
			outputFileListPaths = (
			);
			outputPaths = (
				"$(DERIVED_FILE_DIR)/Pods-TestProject-checkManifestLockResult.txt",
			);
			runOnlyForDeploymentPostprocessing = 0;
			shellPath = /bin/sh;
			shellScript = "diff \"${PODS_PODFILE_DIR_PATH}/Podfile.lock\" \"${PODS_ROOT}/Manifest.lock\" > /dev/null\nif [ $? != 0 ] ; then\n    # print error to STDERR\n    echo \"error: The sandbox is not in sync with the Podfile.lock. Run 'pod install' or update your CocoaPods installation.\" >&2\n    exit 1\nfi\n# This output is used by Xcode 'outputs' to avoid re-running this script phase.\necho \"SUCCESS\" > \"${SCRIPT_OUTPUT_FILE_0}\"\n";
			showEnvVarsInLog = 0;
		};
		BB7572BD373F4DAE50E74288 /* [CP] Check Pods Manifest.lock */ = {
			isa = PBXShellScriptBuildPhase;
			buildActionMask = 2147483647;
			files = (
			);
			inputFileListPaths = (
			);
			inputPaths = (
				"${PODS_PODFILE_DIR_PATH}/Podfile.lock",
				"${PODS_ROOT}/Manifest.lock",
			);
			name = "[CP] Check Pods Manifest.lock";
			outputFileListPaths = (
			);
			outputPaths = (
				"$(DERIVED_FILE_DIR)/Pods-Widget-checkManifestLockResult.txt",
			);
			runOnlyForDeploymentPostprocessing = 0;
			shellPath = /bin/sh;
			shellScript = "diff \"${PODS_PODFILE_DIR_PATH}/Podfile.lock\" \"${PODS_ROOT}/Manifest.lock\" > /dev/null\nif [ $? != 0 ] ; then\n    # print error to STDERR\n    echo \"error: The sandbox is not in sync with the Podfile.lock. Run 'pod install' or update your CocoaPods installation.\" >&2\n    exit 1\nfi\n# This output is used by Xcode 'outputs' to avoid re-running this script phase.\necho \"SUCCESS\" > \"${SCRIPT_OUTPUT_FILE_0}\"\n";
			showEnvVarsInLog = 0;
		};
/* End PBXShellScriptBuildPhase section */

/* Begin PBXSourcesBuildPhase section */
		1288DFA1217F6473000843D3 /* Sources */ = {
			isa = PBXSourcesBuildPhase;
			buildActionMask = 2147483647;
			files = (
				1288DFAB217F6473000843D3 /* ViewController.swift in Sources */,
				1288DFA9217F6473000843D3 /* AppDelegate.swift in Sources */,
			);
			runOnlyForDeploymentPostprocessing = 0;
		};
		1288DFB5217F6475000843D3 /* Sources */ = {
			isa = PBXSourcesBuildPhase;
			buildActionMask = 2147483647;
			files = (
				1288DFBE217F6475000843D3 /* TestProjectTests.swift in Sources */,
			);
			runOnlyForDeploymentPostprocessing = 0;
		};
		1288DFC0217F6475000843D3 /* Sources */ = {
			isa = PBXSourcesBuildPhase;
			buildActionMask = 2147483647;
			files = (
				1288DFC9217F6475000843D3 /* TestProjectUITests.swift in Sources */,
			);
			runOnlyForDeploymentPostprocessing = 0;
		};
		1288DFFA217F7DB8000843D3 /* Sources */ = {
			isa = PBXSourcesBuildPhase;
			buildActionMask = 2147483647;
			files = (
				1288E003217F7DB8000843D3 /* TodayViewController.swift in Sources */,
			);
			runOnlyForDeploymentPostprocessing = 0;
		};
/* End PBXSourcesBuildPhase section */

/* Begin PBXTargetDependency section */
		1288DFBB217F6475000843D3 /* PBXTargetDependency */ = {
			isa = PBXTargetDependency;
			target = 1288DFA4217F6473000843D3 /* TestProject */;
			targetProxy = 1288DFBA217F6475000843D3 /* PBXContainerItemProxy */;
		};
		1288DFC6217F6475000843D3 /* PBXTargetDependency */ = {
			isa = PBXTargetDependency;
			target = 1288DFA4217F6473000843D3 /* TestProject */;
			targetProxy = 1288DFC5217F6475000843D3 /* PBXContainerItemProxy */;
		};
		1288E009217F7DB8000843D3 /* PBXTargetDependency */ = {
			isa = PBXTargetDependency;
			target = 1288DFFD217F7DB8000843D3 /* Widget */;
			targetProxy = 1288E008217F7DB8000843D3 /* PBXContainerItemProxy */;
		};
/* End PBXTargetDependency section */

/* Begin PBXVariantGroup section */
		1288DFAC217F6473000843D3 /* Main.storyboard */ = {
			isa = PBXVariantGroup;
			children = (
				1288DFAD217F6473000843D3 /* Base */,
			);
			name = Main.storyboard;
			sourceTree = "<group>";
		};
		1288DFB1217F6475000843D3 /* LaunchScreen.storyboard */ = {
			isa = PBXVariantGroup;
			children = (
				1288DFB2217F6475000843D3 /* Base */,
			);
			name = LaunchScreen.storyboard;
			sourceTree = "<group>";
		};
		1288E004217F7DB8000843D3 /* MainInterface.storyboard */ = {
			isa = PBXVariantGroup;
			children = (
				1288E005217F7DB8000843D3 /* Base */,
			);
			name = MainInterface.storyboard;
			sourceTree = "<group>";
		};
/* End PBXVariantGroup section */

/* Begin XCBuildConfiguration section */
		1288DFCB217F6475000843D3 /* Debug */ = {
			isa = XCBuildConfiguration;
			buildSettings = {
				ALWAYS_SEARCH_USER_PATHS = NO;
				CLANG_ANALYZER_NONNULL = YES;
				CLANG_ANALYZER_NUMBER_OBJECT_CONVERSION = YES_AGGRESSIVE;
				CLANG_CXX_LANGUAGE_STANDARD = "gnu++14";
				CLANG_CXX_LIBRARY = "libc++";
				CLANG_ENABLE_MODULES = YES;
				CLANG_ENABLE_OBJC_ARC = YES;
				CLANG_ENABLE_OBJC_WEAK = YES;
				CLANG_WARN_BLOCK_CAPTURE_AUTORELEASING = YES;
				CLANG_WARN_BOOL_CONVERSION = YES;
				CLANG_WARN_COMMA = YES;
				CLANG_WARN_CONSTANT_CONVERSION = YES;
				CLANG_WARN_DEPRECATED_OBJC_IMPLEMENTATIONS = YES;
				CLANG_WARN_DIRECT_OBJC_ISA_USAGE = YES_ERROR;
				CLANG_WARN_DOCUMENTATION_COMMENTS = YES;
				CLANG_WARN_EMPTY_BODY = YES;
				CLANG_WARN_ENUM_CONVERSION = YES;
				CLANG_WARN_INFINITE_RECURSION = YES;
				CLANG_WARN_INT_CONVERSION = YES;
				CLANG_WARN_NON_LITERAL_NULL_CONVERSION = YES;
				CLANG_WARN_OBJC_IMPLICIT_RETAIN_SELF = YES;
				CLANG_WARN_OBJC_LITERAL_CONVERSION = YES;
				CLANG_WARN_OBJC_ROOT_CLASS = YES_ERROR;
				CLANG_WARN_RANGE_LOOP_ANALYSIS = YES;
				CLANG_WARN_STRICT_PROTOTYPES = YES;
				CLANG_WARN_SUSPICIOUS_MOVE = YES;
				CLANG_WARN_UNGUARDED_AVAILABILITY = YES_AGGRESSIVE;
				CLANG_WARN_UNREACHABLE_CODE = YES;
				CLANG_WARN__DUPLICATE_METHOD_MATCH = YES;
				CODE_SIGN_IDENTITY = "iPhone Developer";
				COPY_PHASE_STRIP = NO;
				DEBUG_INFORMATION_FORMAT = dwarf;
				ENABLE_STRICT_OBJC_MSGSEND = YES;
				ENABLE_TESTABILITY = YES;
				GCC_C_LANGUAGE_STANDARD = gnu11;
				GCC_DYNAMIC_NO_PIC = NO;
				GCC_NO_COMMON_BLOCKS = YES;
				GCC_OPTIMIZATION_LEVEL = 0;
				GCC_PREPROCESSOR_DEFINITIONS = (
					"DEBUG=1",
					"$(inherited)",
				);
				GCC_WARN_64_TO_32_BIT_CONVERSION = YES;
				GCC_WARN_ABOUT_RETURN_TYPE = YES_ERROR;
				GCC_WARN_UNDECLARED_SELECTOR = YES;
				GCC_WARN_UNINITIALIZED_AUTOS = YES_AGGRESSIVE;
				GCC_WARN_UNUSED_FUNCTION = YES;
				GCC_WARN_UNUSED_VARIABLE = YES;
				IPHONEOS_DEPLOYMENT_TARGET = 12.0;
				MTL_ENABLE_DEBUG_INFO = INCLUDE_SOURCE;
				MTL_FAST_MATH = YES;
				ONLY_ACTIVE_ARCH = YES;
				SDKROOT = iphoneos;
				SWIFT_ACTIVE_COMPILATION_CONDITIONS = DEBUG;
				SWIFT_OPTIMIZATION_LEVEL = "-Onone";
			};
			name = Debug;
		};
		1288DFCC217F6475000843D3 /* Release */ = {
			isa = XCBuildConfiguration;
			buildSettings = {
				ALWAYS_SEARCH_USER_PATHS = NO;
				CLANG_ANALYZER_NONNULL = YES;
				CLANG_ANALYZER_NUMBER_OBJECT_CONVERSION = YES_AGGRESSIVE;
				CLANG_CXX_LANGUAGE_STANDARD = "gnu++14";
				CLANG_CXX_LIBRARY = "libc++";
				CLANG_ENABLE_MODULES = YES;
				CLANG_ENABLE_OBJC_ARC = YES;
				CLANG_ENABLE_OBJC_WEAK = YES;
				CLANG_WARN_BLOCK_CAPTURE_AUTORELEASING = YES;
				CLANG_WARN_BOOL_CONVERSION = YES;
				CLANG_WARN_COMMA = YES;
				CLANG_WARN_CONSTANT_CONVERSION = YES;
				CLANG_WARN_DEPRECATED_OBJC_IMPLEMENTATIONS = YES;
				CLANG_WARN_DIRECT_OBJC_ISA_USAGE = YES_ERROR;
				CLANG_WARN_DOCUMENTATION_COMMENTS = YES;
				CLANG_WARN_EMPTY_BODY = YES;
				CLANG_WARN_ENUM_CONVERSION = YES;
				CLANG_WARN_INFINITE_RECURSION = YES;
				CLANG_WARN_INT_CONVERSION = YES;
				CLANG_WARN_NON_LITERAL_NULL_CONVERSION = YES;
				CLANG_WARN_OBJC_IMPLICIT_RETAIN_SELF = YES;
				CLANG_WARN_OBJC_LITERAL_CONVERSION = YES;
				CLANG_WARN_OBJC_ROOT_CLASS = YES_ERROR;
				CLANG_WARN_RANGE_LOOP_ANALYSIS = YES;
				CLANG_WARN_STRICT_PROTOTYPES = YES;
				CLANG_WARN_SUSPICIOUS_MOVE = YES;
				CLANG_WARN_UNGUARDED_AVAILABILITY = YES_AGGRESSIVE;
				CLANG_WARN_UNREACHABLE_CODE = YES;
				CLANG_WARN__DUPLICATE_METHOD_MATCH = YES;
				CODE_SIGN_IDENTITY = "iPhone Developer";
				COPY_PHASE_STRIP = NO;
				DEBUG_INFORMATION_FORMAT = "dwarf-with-dsym";
				ENABLE_NS_ASSERTIONS = NO;
				ENABLE_STRICT_OBJC_MSGSEND = YES;
				GCC_C_LANGUAGE_STANDARD = gnu11;
				GCC_NO_COMMON_BLOCKS = YES;
				GCC_WARN_64_TO_32_BIT_CONVERSION = YES;
				GCC_WARN_ABOUT_RETURN_TYPE = YES_ERROR;
				GCC_WARN_UNDECLARED_SELECTOR = YES;
				GCC_WARN_UNINITIALIZED_AUTOS = YES_AGGRESSIVE;
				GCC_WARN_UNUSED_FUNCTION = YES;
				GCC_WARN_UNUSED_VARIABLE = YES;
				IPHONEOS_DEPLOYMENT_TARGET = 12.0;
				MTL_ENABLE_DEBUG_INFO = NO;
				MTL_FAST_MATH = YES;
				SDKROOT = iphoneos;
				SWIFT_COMPILATION_MODE = wholemodule;
				SWIFT_OPTIMIZATION_LEVEL = "-O";
				VALIDATE_PRODUCT = YES;
			};
			name = Release;
		};
		1288DFCE217F6475000843D3 /* Debug */ = {
			isa = XCBuildConfiguration;
			baseConfigurationReference = 90576435DF7BB746222DDB76 /* Pods-TestProject.debug.xcconfig */;
			buildSettings = {
				ASSETCATALOG_COMPILER_APPICON_NAME = AppIcon;
				CODE_SIGN_STYLE = Automatic;
				DEVELOPMENT_TEAM = 4572WNFRDW;
				INFOPLIST_FILE = TestProject/Info.plist;
				LD_RUNPATH_SEARCH_PATHS = (
					"$(inherited)",
					"@executable_path/Frameworks",
				);
				OTHER_LDFLAGS = (
					"$(inherited)",
					"-framework",
					"\"Alamofire\"",
				);
				PRODUCT_BUNDLE_IDENTIFIER = com.tomspee.TestProject;
				PRODUCT_NAME = "$(TARGET_NAME)";
				SWIFT_VERSION = 4.2;
				TARGETED_DEVICE_FAMILY = "1,2";
			};
			name = Debug;
		};
		1288DFCF217F6475000843D3 /* Release */ = {
			isa = XCBuildConfiguration;
			baseConfigurationReference = 38A4726079AD2CEAC2BEDB70 /* Pods-TestProject.release.xcconfig */;
			buildSettings = {
				ASSETCATALOG_COMPILER_APPICON_NAME = AppIcon;
				CODE_SIGN_STYLE = Automatic;
				DEVELOPMENT_TEAM = 4572WNFRDW;
				INFOPLIST_FILE = TestProject/Info.plist;
				LD_RUNPATH_SEARCH_PATHS = (
					"$(inherited)",
					"@executable_path/Frameworks",
				);
				OTHER_LDFLAGS = (
					"$(inherited)",
					"-framework",
					"\"Alamofire\"",
				);
				PRODUCT_BUNDLE_IDENTIFIER = com.tomspee.TestProject;
				PRODUCT_NAME = "$(TARGET_NAME)";
				SWIFT_VERSION = 4.2;
				TARGETED_DEVICE_FAMILY = "1,2";
			};
			name = Release;
		};
		1288DFD1217F6475000843D3 /* Debug */ = {
			isa = XCBuildConfiguration;
			baseConfigurationReference = 7DEA12CEAD771358C92D6F20 /* Pods-TestProjectTests.debug.xcconfig */;
			buildSettings = {
				ALWAYS_EMBED_SWIFT_STANDARD_LIBRARIES = YES;
				BUNDLE_LOADER = "$(TEST_HOST)";
				CODE_SIGN_STYLE = Automatic;
				DEVELOPMENT_TEAM = 4572WNFRDW;
				INFOPLIST_FILE = TestProjectTests/Info.plist;
				LD_RUNPATH_SEARCH_PATHS = (
					"$(inherited)",
					"@executable_path/Frameworks",
					"@loader_path/Frameworks",
				);
				PRODUCT_BUNDLE_IDENTIFIER = com.tomspee.TestProjectTests;
				PRODUCT_NAME = "$(TARGET_NAME)";
				SWIFT_VERSION = 4.2;
				TARGETED_DEVICE_FAMILY = "1,2";
				TEST_HOST = "$(BUILT_PRODUCTS_DIR)/TestProject.app/TestProject";
			};
			name = Debug;
		};
		1288DFD2217F6475000843D3 /* Release */ = {
			isa = XCBuildConfiguration;
			baseConfigurationReference = 806ECDE6B806A7F012A185B3 /* Pods-TestProjectTests.release.xcconfig */;
			buildSettings = {
				ALWAYS_EMBED_SWIFT_STANDARD_LIBRARIES = YES;
				BUNDLE_LOADER = "$(TEST_HOST)";
				CODE_SIGN_STYLE = Automatic;
				DEVELOPMENT_TEAM = 4572WNFRDW;
				INFOPLIST_FILE = TestProjectTests/Info.plist;
				LD_RUNPATH_SEARCH_PATHS = (
					"$(inherited)",
					"@executable_path/Frameworks",
					"@loader_path/Frameworks",
				);
				PRODUCT_BUNDLE_IDENTIFIER = com.tomspee.TestProjectTests;
				PRODUCT_NAME = "$(TARGET_NAME)";
				SWIFT_VERSION = 4.2;
				TARGETED_DEVICE_FAMILY = "1,2";
				TEST_HOST = "$(BUILT_PRODUCTS_DIR)/TestProject.app/TestProject";
			};
			name = Release;
		};
		1288DFD4217F6475000843D3 /* Debug */ = {
			isa = XCBuildConfiguration;
			baseConfigurationReference = 2B7B7FAB2944B63205B0BD09 /* Pods-TestProjectUITests.debug.xcconfig */;
			buildSettings = {
				ALWAYS_EMBED_SWIFT_STANDARD_LIBRARIES = YES;
				CODE_SIGN_STYLE = Automatic;
				DEVELOPMENT_TEAM = 4572WNFRDW;
				INFOPLIST_FILE = TestProjectUITests/Info.plist;
				LD_RUNPATH_SEARCH_PATHS = (
					"$(inherited)",
					"@executable_path/Frameworks",
					"@loader_path/Frameworks",
				);
				PRODUCT_BUNDLE_IDENTIFIER = com.tomspee.TestProjectUITests;
				PRODUCT_NAME = "$(TARGET_NAME)";
				SWIFT_VERSION = 4.2;
				TARGETED_DEVICE_FAMILY = "1,2";
				TEST_TARGET_NAME = TestProject;
			};
			name = Debug;
		};
		1288DFD5217F6475000843D3 /* Release */ = {
			isa = XCBuildConfiguration;
			baseConfigurationReference = AA45815E4EA6CF7093C57C15 /* Pods-TestProjectUITests.release.xcconfig */;
			buildSettings = {
				ALWAYS_EMBED_SWIFT_STANDARD_LIBRARIES = YES;
				CODE_SIGN_STYLE = Automatic;
				DEVELOPMENT_TEAM = 4572WNFRDW;
				INFOPLIST_FILE = TestProjectUITests/Info.plist;
				LD_RUNPATH_SEARCH_PATHS = (
					"$(inherited)",
					"@executable_path/Frameworks",
					"@loader_path/Frameworks",
				);
				PRODUCT_BUNDLE_IDENTIFIER = com.tomspee.TestProjectUITests;
				PRODUCT_NAME = "$(TARGET_NAME)";
				SWIFT_VERSION = 4.2;
				TARGETED_DEVICE_FAMILY = "1,2";
				TEST_TARGET_NAME = TestProject;
			};
			name = Release;
		};
		1288E00C217F7DB8000843D3 /* Debug */ = {
			isa = XCBuildConfiguration;
			baseConfigurationReference = 6FDAEC7A1A343CA83A3A8714 /* Pods-Widget.debug.xcconfig */;
			buildSettings = {
				CODE_SIGN_STYLE = Automatic;
				DEVELOPMENT_TEAM = 4572WNFRDW;
				INFOPLIST_FILE = Widget/Info.plist;
				LD_RUNPATH_SEARCH_PATHS = (
					"$(inherited)",
					"@executable_path/Frameworks",
					"@executable_path/../../Frameworks",
				);
				PRODUCT_BUNDLE_IDENTIFIER = com.tomspee.TestProject.Widget;
				PRODUCT_NAME = "$(TARGET_NAME)";
				SKIP_INSTALL = YES;
				SWIFT_VERSION = 4.2;
				TARGETED_DEVICE_FAMILY = "1,2";
			};
			name = Debug;
		};
		1288E00D217F7DB8000843D3 /* Release */ = {
			isa = XCBuildConfiguration;
			baseConfigurationReference = 2E7B3F377B7ADE8706BBFEF8 /* Pods-Widget.release.xcconfig */;
			buildSettings = {
				CODE_SIGN_STYLE = Automatic;
				DEVELOPMENT_TEAM = 4572WNFRDW;
				INFOPLIST_FILE = Widget/Info.plist;
				LD_RUNPATH_SEARCH_PATHS = (
					"$(inherited)",
					"@executable_path/Frameworks",
					"@executable_path/../../Frameworks",
				);
				PRODUCT_BUNDLE_IDENTIFIER = com.tomspee.TestProject.Widget;
				PRODUCT_NAME = "$(TARGET_NAME)";
				SKIP_INSTALL = YES;
				SWIFT_VERSION = 4.2;
				TARGETED_DEVICE_FAMILY = "1,2";
			};
			name = Release;
		};
/* End XCBuildConfiguration section */

/* Begin XCConfigurationList section */
		1288DFA0217F6473000843D3 /* Build configuration list for PBXProject "TestProject" */ = {
			isa = XCConfigurationList;
			buildConfigurations = (
				1288DFCB217F6475000843D3 /* Debug */,
				1288DFCC217F6475000843D3 /* Release */,
			);
			defaultConfigurationIsVisible = 0;
			defaultConfigurationName = Release;
		};
		1288DFCD217F6475000843D3 /* Build configuration list for PBXNativeTarget "TestProject" */ = {
			isa = XCConfigurationList;
			buildConfigurations = (
				1288DFCE217F6475000843D3 /* Debug */,
				1288DFCF217F6475000843D3 /* Release */,
			);
			defaultConfigurationIsVisible = 0;
			defaultConfigurationName = Release;
		};
		1288DFD0217F6475000843D3 /* Build configuration list for PBXNativeTarget "TestProjectTests" */ = {
			isa = XCConfigurationList;
			buildConfigurations = (
				1288DFD1217F6475000843D3 /* Debug */,
				1288DFD2217F6475000843D3 /* Release */,
			);
			defaultConfigurationIsVisible = 0;
			defaultConfigurationName = Release;
		};
		1288DFD3217F6475000843D3 /* Build configuration list for PBXNativeTarget "TestProjectUITests" */ = {
			isa = XCConfigurationList;
			buildConfigurations = (
				1288DFD4217F6475000843D3 /* Debug */,
				1288DFD5217F6475000843D3 /* Release */,
			);
			defaultConfigurationIsVisible = 0;
			defaultConfigurationName = Release;
		};
		1288E00B217F7DB8000843D3 /* Build configuration list for PBXNativeTarget "Widget" */ = {
			isa = XCConfigurationList;
			buildConfigurations = (
				1288E00C217F7DB8000843D3 /* Debug */,
				1288E00D217F7DB8000843D3 /* Release */,
			);
			defaultConfigurationIsVisible = 0;
			defaultConfigurationName = Release;
		};
/* End XCConfigurationList section */
	};
	rootObject = 1288DF9D217F6472000843D3 /* Project object */;
}
